{
  "name": "kick-bot-template",
  "version": "1.0.0",
  "lockfileVersion": 2,
  "requires": true,
  "packages": {
    "": {
      "name": "kick-bot-template",
      "version": "1.0.0",
      "license": "MIT",
      "dependencies": {
        "kient": "^1.0.1-12"
      },
      "devDependencies": {
        "cross-env": "^7.0.3",
        "tsc-watch": "^6.0.4",
        "tsconfig": "^7.0.0",
        "typescript": "^5.3.3"
      }
    },
    "node_modules/@deepkit/core": {
      "version": "1.0.1-alpha.124",
      "resolved": "https://registry.npmjs.org/@deepkit/core/-/core-1.0.1-alpha.124.tgz",
      "integrity": "sha512-xfda/V1XY0pDIhELB/TQonFvNSYtTMOG7bHXGxslkFuMJoVfEsdPW0OGwHzUX0qLlLckAQkcVca64Igyhp8LUQ==",
      "peer": true,
      "dependencies": {
        "dot-prop": "^5.1.1",
        "to-fast-properties": "^3.0.1"
      }
    },
    "node_modules/@deepkit/type": {
      "version": "1.0.1-alpha.105",
      "resolved": "https://registry.npmjs.org/@deepkit/type/-/type-1.0.1-alpha.105.tgz",
      "integrity": "sha512-AoB4fB5M/wk9gkWH/dZcXiRBSQWgZhF1CKJMauZXISkFyeOBaU2mPz5cYvNnGTNvBSi5WY8xVRRKcQewW2JXlw==",
      "dependencies": {
        "@deepkit/type-spec": "^1.0.1-alpha.105",
        "@types/uuid": "^8.3.0",
        "buffer": "^5.2.1",
        "uuid": "^8.3.2"
      },
      "peerDependencies": {
        "@deepkit/core": "^1.0.1-alpha.13"
      }
    },
    "node_modules/@deepkit/type-spec": {
      "version": "1.0.1-alpha.116",
      "resolved": "https://registry.npmjs.org/@deepkit/type-spec/-/type-spec-1.0.1-alpha.116.tgz",
      "integrity": "sha512-8LDtbhLlZTKJGocdmpB/Td5nor5Pm90i4TuZbRIJEAofuEFAXM80tT7xZZLl9AFtGJaATZd7Lv0jViwspXKvxg=="
    },
    "node_modules/@types/node": {
      "version": "17.0.45",
      "resolved": "https://registry.npmjs.org/@types/node/-/node-17.0.45.tgz",
      "integrity": "sha512-w+tIMs3rq2afQdsPJlODhoUEKzFP1ayaoyl1CcnwtIlsVe7K7bA1NGm4s3PraqTLlXnbIN84zuBlxBWo1u9BLw=="
    },
    "node_modules/@types/strip-bom": {
      "version": "3.0.0",
      "resolved": "https://registry.npmjs.org/@types/strip-bom/-/strip-bom-3.0.0.tgz",
      "integrity": "sha512-xevGOReSYGM7g/kUBZzPqCrR/KYAo+F0yiPc85WFTJa0MSLtyFTVTU6cJu/aV4mid7IffDIWqo69THF2o4JiEQ==",
      "dev": true
    },
    "node_modules/@types/strip-json-comments": {
      "version": "0.0.30",
      "resolved": "https://registry.npmjs.org/@types/strip-json-comments/-/strip-json-comments-0.0.30.tgz",
      "integrity": "sha512-7NQmHra/JILCd1QqpSzl8+mJRc8ZHz3uDm8YV1Ks9IhK0epEiTw8aIErbvH9PI+6XbqhyIQy3462nEsn7UVzjQ==",
      "dev": true
    },
    "node_modules/@types/uuid": {
      "version": "8.3.4",
      "resolved": "https://registry.npmjs.org/@types/uuid/-/uuid-8.3.4.tgz",
      "integrity": "sha512-c/I8ZRb51j+pYGAu5CrFMRxqZ2ke4y2grEBO5AUjgSkSk+qT2Ea+OdWElz/OiMf5MNpn2b17kuVBwZLQJXzihw=="
    },
    "node_modules/base64-js": {
      "version": "1.5.1",
      "resolved": "https://registry.npmjs.org/base64-js/-/base64-js-1.5.1.tgz",
      "integrity": "sha512-AKpaYlHn8t4SVbOHCy+b5+KKgvR4vrsD8vbvrbiQJps7fKDTkjkDry6ji0rUJjC0kzbNePLwzxq8iypo41qeWA==",
      "funding": [
        {
          "type": "github",
          "url": "https://github.com/sponsors/feross"
        },
        {
          "type": "patreon",
          "url": "https://www.patreon.com/feross"
        },
        {
          "type": "consulting",
          "url": "https://feross.org/support"
        }
      ]
    },
    "node_modules/buffer": {
      "version": "5.7.1",
      "resolved": "https://registry.npmjs.org/buffer/-/buffer-5.7.1.tgz",
      "integrity": "sha512-EHcyIPBQ4BSGlvjB16k5KgAJ27CIsHY/2JBmCRReo48y9rQ3MaUzWX3KVlBa4U7MyX02HdVj0K7C3WaB3ju7FQ==",
      "funding": [
        {
          "type": "github",
          "url": "https://github.com/sponsors/feross"
        },
        {
          "type": "patreon",
          "url": "https://www.patreon.com/feross"
        },
        {
          "type": "consulting",
          "url": "https://feross.org/support"
        }
      ],
      "dependencies": {
        "base64-js": "^1.3.1",
        "ieee754": "^1.1.13"
      }
    },
    "node_modules/cross-env": {
      "version": "7.0.3",
      "resolved": "https://registry.npmjs.org/cross-env/-/cross-env-7.0.3.tgz",
      "integrity": "sha512-+/HKd6EgcQCJGh2PSjZuUitQBQynKor4wrFbRg4DtAgS1aWO+gU52xpH7M9ScGgXSYmAVS9bIJ8EzuaGw0oNAw==",
      "dev": true,
      "dependencies": {
        "cross-spawn": "^7.0.1"
      },
      "bin": {
        "cross-env": "src/bin/cross-env.js",
        "cross-env-shell": "src/bin/cross-env-shell.js"
      },
      "engines": {
        "node": ">=10.14",
        "npm": ">=6",
        "yarn": ">=1"
      }
    },
    "node_modules/cross-spawn": {
      "version": "7.0.3",
      "resolved": "https://registry.npmjs.org/cross-spawn/-/cross-spawn-7.0.3.tgz",
      "integrity": "sha512-iRDPJKUPVEND7dHPO8rkbOnPpyDygcDFtWjpeWNCgy8WP2rXcxXL8TskReQl6OrB2G7+UJrags1q15Fudc7G6w==",
      "dev": true,
      "dependencies": {
        "path-key": "^3.1.0",
        "shebang-command": "^2.0.0",
        "which": "^2.0.1"
      },
      "engines": {
        "node": ">= 8"
      }
    },
    "node_modules/cycletls": {
      "version": "1.0.26",
      "resolved": "https://registry.npmjs.org/cycletls/-/cycletls-1.0.26.tgz",
      "integrity": "sha512-QE+vwRjq0nCNnmr3MaVWLHMvUXgD6Kv2cuo8EjDxBu9J+I185BMnsrO5tKrojY78+dtftK2ZzfhGHzG7MOSekQ==",
      "dependencies": {
        "@types/node": "^17.0.24",
        "ws": "^7.5.7"
      }
    },
    "node_modules/destr": {
      "version": "2.0.3",
      "resolved": "https://registry.npmjs.org/destr/-/destr-2.0.3.tgz",
      "integrity": "sha512-2N3BOUU4gYMpTP24s5rF5iP7BDr7uNTCs4ozw3kf/eKfvWSIu93GEBi5m427YoyJoeOzQ5smuu4nNAPGb8idSQ=="
    },
    "node_modules/dot-prop": {
      "version": "5.3.0",
      "resolved": "https://registry.npmjs.org/dot-prop/-/dot-prop-5.3.0.tgz",
      "integrity": "sha512-QM8q3zDe58hqUqjraQOmzZ1LIH9SWQJTlEKCH4kJ2oQvLZk7RbQXvtDM2XEq3fwkV9CCvvH4LA0AV+ogFsBM2Q==",
      "peer": true,
      "dependencies": {
        "is-obj": "^2.0.0"
      },
      "engines": {
        "node": ">=8"
      }
    },
    "node_modules/duplexer": {
      "version": "0.1.2",
      "resolved": "https://registry.npmjs.org/duplexer/-/duplexer-0.1.2.tgz",
      "integrity": "sha512-jtD6YG370ZCIi/9GTaJKQxWTZD045+4R4hTk/x1UyoqadyJ9x9CgSi1RlVDQF8U2sxLLSnFkCaMihqljHIWgMg==",
      "dev": true
    },
    "node_modules/event-stream": {
      "version": "3.3.4",
      "resolved": "https://registry.npmjs.org/event-stream/-/event-stream-3.3.4.tgz",
      "integrity": "sha512-QHpkERcGsR0T7Qm3HNJSyXKEEj8AHNxkY3PK8TS2KJvQ7NiSHe3DDpwVKKtoYprL/AreyzFBeIkBIWChAqn60g==",
      "dev": true,
      "dependencies": {
        "duplexer": "~0.1.1",
        "from": "~0",
        "map-stream": "~0.1.0",
        "pause-stream": "0.0.11",
        "split": "0.3",
        "stream-combiner": "~0.0.4",
        "through": "~2.3.1"
      }
    },
    "node_modules/exit-hook": {
      "version": "4.0.0",
      "resolved": "https://registry.npmjs.org/exit-hook/-/exit-hook-4.0.0.tgz",
      "integrity": "sha512-Fqs7ChZm72y40wKjOFXBKg7nJZvQJmewP5/7LtePDdnah/+FH9Hp5sgMujSCMPXlxOAW2//1jrW9pnsY7o20vQ==",
      "engines": {
        "node": ">=18"
      },
      "funding": {
        "url": "https://github.com/sponsors/sindresorhus"
      }
    },
    "node_modules/from": {
      "version": "0.1.7",
      "resolved": "https://registry.npmjs.org/from/-/from-0.1.7.tgz",
      "integrity": "sha512-twe20eF1OxVxp/ML/kq2p1uc6KvFK/+vs8WjEbeKmV2He22MKm7YF2ANIt+EOqhJ5L3K/SuuPhk0hWQDjOM23g==",
      "dev": true
    },
    "node_modules/ieee754": {
      "version": "1.2.1",
      "resolved": "https://registry.npmjs.org/ieee754/-/ieee754-1.2.1.tgz",
      "integrity": "sha512-dcyqhDvX1C46lXZcVqCpK+FtMRQVdIMN6/Df5js2zouUsqG7I6sFxitIC+7KYK29KdXOLHdu9zL4sFnoVQnqaA==",
      "funding": [
        {
          "type": "github",
          "url": "https://github.com/sponsors/feross"
        },
        {
          "type": "patreon",
          "url": "https://www.patreon.com/feross"
        },
        {
          "type": "consulting",
          "url": "https://feross.org/support"
        }
      ]
    },
    "node_modules/is-obj": {
      "version": "2.0.0",
      "resolved": "https://registry.npmjs.org/is-obj/-/is-obj-2.0.0.tgz",
      "integrity": "sha512-drqDG3cbczxxEJRoOXcOjtdp1J/lyp1mNn0xaznRs8+muBhgQcrnbspox5X5fOw0HnMnbfDzvnEMEtqDEJEo8w==",
      "peer": true,
      "engines": {
        "node": ">=8"
      }
    },
    "node_modules/isexe": {
      "version": "2.0.0",
      "resolved": "https://registry.npmjs.org/isexe/-/isexe-2.0.0.tgz",
      "integrity": "sha512-RHxMLp9lnKHGHRng9QFhRCMbYAcVpn69smSGcq3f36xjgVVWThj4qqLbTLlq7Ssj8B+fIQ1EuCEGI2lKsyQeIw==",
      "dev": true
    },
    "node_modules/kient": {
      "version": "1.0.1-12",
      "resolved": "https://registry.npmjs.org/kient/-/kient-1.0.1-12.tgz",
      "integrity": "sha512-qKSJT/bLkEUPKsUeJ4a/GbSEkV9Lu0AbwLv3xL06k7h44ZU5T9/Gvh793/5DVvhMj1dhmB5O2aZFySL7CYm8nw==",
      "dependencies": {
        "@deepkit/type": "1.0.1-alpha.105",
        "cycletls": "^1.0.22",
        "exit-hook": "^4.0.0",
        "ofetch": "^1.3.3",
        "pusher-js": "^8.3.0",
        "strict-event-emitter": "^0.5.1",
        "tough-cookie": "^4.1.3",
        "tseep": "^1.1.3"
      }
    },
    "node_modules/map-stream": {
      "version": "0.1.0",
      "resolved": "https://registry.npmjs.org/map-stream/-/map-stream-0.1.0.tgz",
      "integrity": "sha512-CkYQrPYZfWnu/DAmVCpTSX/xHpKZ80eKh2lAkyA6AJTef6bW+6JpbQZN5rofum7da+SyN1bi5ctTm+lTfcCW3g==",
      "dev": true
    },
    "node_modules/node-cleanup": {
      "version": "2.1.2",
      "resolved": "https://registry.npmjs.org/node-cleanup/-/node-cleanup-2.1.2.tgz",
      "integrity": "sha512-qN8v/s2PAJwGUtr1/hYTpNKlD6Y9rc4p8KSmJXyGdYGZsDGKXrGThikLFP9OCHFeLeEpQzPwiAtdIvBLqm//Hw==",
      "dev": true
    },
    "node_modules/node-fetch-native": {
      "version": "1.6.2",
      "resolved": "https://registry.npmjs.org/node-fetch-native/-/node-fetch-native-1.6.2.tgz",
      "integrity": "sha512-69mtXOFZ6hSkYiXAVB5SqaRvrbITC/NPyqv7yuu/qw0nmgPyYbIMYYNIDhNtwPrzk0ptrimrLz/hhjvm4w5Z+w=="
    },
    "node_modules/ofetch": {
      "version": "1.3.3",
      "resolved": "https://registry.npmjs.org/ofetch/-/ofetch-1.3.3.tgz",
      "integrity": "sha512-s1ZCMmQWXy4b5K/TW9i/DtiN8Ku+xCiHcjQ6/J/nDdssirrQNOoB165Zu8EqLMA2lln1JUth9a0aW9Ap2ctrUg==",
      "dependencies": {
        "destr": "^2.0.1",
        "node-fetch-native": "^1.4.0",
        "ufo": "^1.3.0"
      }
    },
    "node_modules/path-key": {
      "version": "3.1.1",
      "resolved": "https://registry.npmjs.org/path-key/-/path-key-3.1.1.tgz",
      "integrity": "sha512-ojmeN0qd+y0jszEtoY48r0Peq5dwMEkIlCOu6Q5f41lfkswXuKtYrhgoTpLnyIcHm24Uhqx+5Tqm2InSwLhE6Q==",
      "dev": true,
      "engines": {
        "node": ">=8"
      }
    },
    "node_modules/pause-stream": {
      "version": "0.0.11",
      "resolved": "https://registry.npmjs.org/pause-stream/-/pause-stream-0.0.11.tgz",
      "integrity": "sha512-e3FBlXLmN/D1S+zHzanP4E/4Z60oFAa3O051qt1pxa7DEJWKAyil6upYVXCWadEnuoqa4Pkc9oUx9zsxYeRv8A==",
      "dev": true,
      "dependencies": {
        "through": "~2.3"
      }
    },
    "node_modules/ps-tree": {
      "version": "1.2.0",
      "resolved": "https://registry.npmjs.org/ps-tree/-/ps-tree-1.2.0.tgz",
      "integrity": "sha512-0VnamPPYHl4uaU/nSFeZZpR21QAWRz+sRv4iW9+v/GS/J5U5iZB5BNN6J0RMoOvdx2gWM2+ZFMIm58q24e4UYA==",
      "dev": true,
      "dependencies": {
        "event-stream": "=3.3.4"
      },
      "bin": {
        "ps-tree": "bin/ps-tree.js"
      },
      "engines": {
        "node": ">= 0.10"
      }
    },
    "node_modules/psl": {
      "version": "1.9.0",
      "resolved": "https://registry.npmjs.org/psl/-/psl-1.9.0.tgz",
      "integrity": "sha512-E/ZsdU4HLs/68gYzgGTkMicWTLPdAftJLfJFlLUAAKZGkStNU72sZjT66SnMDVOfOWY/YAoiD7Jxa9iHvngcag=="
    },
    "node_modules/punycode": {
      "version": "2.3.1",
      "resolved": "https://registry.npmjs.org/punycode/-/punycode-2.3.1.tgz",
      "integrity": "sha512-vYt7UD1U9Wg6138shLtLOvdAu+8DsC/ilFtEVHcH+wydcSpNE20AfSOduf6MkRFahL5FY7X1oU7nKVZFtfq8Fg==",
      "engines": {
        "node": ">=6"
      }
    },
    "node_modules/pusher-js": {
      "version": "8.3.0",
      "resolved": "https://registry.npmjs.org/pusher-js/-/pusher-js-8.3.0.tgz",
      "integrity": "sha512-6GohP06WlVeomAQQe9qWh1IDzd3+InluWt+ZUOcecVK1SEQkg6a8uYVsvxSJm7cbccfmHhE0jDkmhKIhue8vmA==",
      "dependencies": {
        "tweetnacl": "^1.0.3"
      }
    },
    "node_modules/querystringify": {
      "version": "2.2.0",
      "resolved": "https://registry.npmjs.org/querystringify/-/querystringify-2.2.0.tgz",
      "integrity": "sha512-FIqgj2EUvTa7R50u0rGsyTftzjYmv/a3hO345bZNrqabNqjtgiDMgmo4mkUjd+nzU5oF3dClKqFIPUKybUyqoQ=="
    },
    "node_modules/requires-port": {
      "version": "1.0.0",
      "resolved": "https://registry.npmjs.org/requires-port/-/requires-port-1.0.0.tgz",
      "integrity": "sha512-KigOCHcocU3XODJxsu8i/j8T9tzT4adHiecwORRQ0ZZFcp7ahwXuRU1m+yuO90C5ZUyGeGfocHDI14M3L3yDAQ=="
    },
    "node_modules/shebang-command": {
      "version": "2.0.0",
      "resolved": "https://registry.npmjs.org/shebang-command/-/shebang-command-2.0.0.tgz",
      "integrity": "sha512-kHxr2zZpYtdmrN1qDjrrX/Z1rR1kG8Dx+gkpK1G4eXmvXswmcE1hTWBWYUzlraYw1/yZp6YuDY77YtvbN0dmDA==",
      "dev": true,
      "dependencies": {
        "shebang-regex": "^3.0.0"
      },
      "engines": {
        "node": ">=8"
      }
    },
    "node_modules/shebang-regex": {
      "version": "3.0.0",
      "resolved": "https://registry.npmjs.org/shebang-regex/-/shebang-regex-3.0.0.tgz",
      "integrity": "sha512-7++dFhtcx3353uBaq8DDR4NuxBetBzC7ZQOhmTQInHEd6bSrXdiEyzCvG07Z44UYdLShWUyXt5M/yhz8ekcb1A==",
      "dev": true,
      "engines": {
        "node": ">=8"
      }
    },
    "node_modules/split": {
      "version": "0.3.3",
      "resolved": "https://registry.npmjs.org/split/-/split-0.3.3.tgz",
      "integrity": "sha512-wD2AeVmxXRBoX44wAycgjVpMhvbwdI2aZjCkvfNcH1YqHQvJVa1duWc73OyVGJUc05fhFaTZeQ/PYsrmyH0JVA==",
      "dev": true,
      "dependencies": {
        "through": "2"
      },
      "engines": {
        "node": "*"
      }
    },
    "node_modules/stream-combiner": {
      "version": "0.0.4",
      "resolved": "https://registry.npmjs.org/stream-combiner/-/stream-combiner-0.0.4.tgz",
      "integrity": "sha512-rT00SPnTVyRsaSz5zgSPma/aHSOic5U1prhYdRy5HS2kTZviFpmDgzilbtsJsxiroqACmayynDN/9VzIbX5DOw==",
      "dev": true,
      "dependencies": {
        "duplexer": "~0.1.1"
      }
    },
    "node_modules/strict-event-emitter": {
      "version": "0.5.1",
      "resolved": "https://registry.npmjs.org/strict-event-emitter/-/strict-event-emitter-0.5.1.tgz",
      "integrity": "sha512-vMgjE/GGEPEFnhFub6pa4FmJBRBVOLpIII2hvCZ8Kzb7K0hlHo7mQv6xYrBvCL2LtAIBwFUK8wvuJgTVSQ5MFQ=="
    },
    "node_modules/string-argv": {
      "version": "0.3.2",
      "resolved": "https://registry.npmjs.org/string-argv/-/string-argv-0.3.2.tgz",
      "integrity": "sha512-aqD2Q0144Z+/RqG52NeHEkZauTAUWJO8c6yTftGJKO3Tja5tUgIfmIl6kExvhtxSDP7fXB6DvzkfMpCd/F3G+Q==",
      "dev": true,
      "engines": {
        "node": ">=0.6.19"
      }
    },
    "node_modules/strip-bom": {
      "version": "3.0.0",
      "resolved": "https://registry.npmjs.org/strip-bom/-/strip-bom-3.0.0.tgz",
      "integrity": "sha512-vavAMRXOgBVNF6nyEEmL3DBK19iRpDcoIwW+swQ+CbGiu7lju6t+JklA1MHweoWtadgt4ISVUsXLyDq34ddcwA==",
      "dev": true,
      "engines": {
        "node": ">=4"
      }
    },
    "node_modules/strip-json-comments": {
      "version": "2.0.1",
      "resolved": "https://registry.npmjs.org/strip-json-comments/-/strip-json-comments-2.0.1.tgz",
      "integrity": "sha512-4gB8na07fecVVkOI6Rs4e7T6NOTki5EmL7TUduTs6bu3EdnSycntVJ4re8kgZA+wx9IueI2Y11bfbgwtzuE0KQ==",
      "dev": true,
      "engines": {
        "node": ">=0.10.0"
      }
    },
    "node_modules/through": {
      "version": "2.3.8",
      "resolved": "https://registry.npmjs.org/through/-/through-2.3.8.tgz",
      "integrity": "sha512-w89qg7PI8wAdvX60bMDP+bFoD5Dvhm9oLheFp5O4a2QF0cSBGsBX4qZmadPMvVqlLJBBci+WqGGOAPvcDeNSVg==",
      "dev": true
    },
    "node_modules/to-fast-properties": {
      "version": "3.0.1",
      "resolved": "https://registry.npmjs.org/to-fast-properties/-/to-fast-properties-3.0.1.tgz",
      "integrity": "sha512-/wtNi1tW1F3nf0OL6AqVxGw9Tr1ET70InMhJuVxPwFdGqparF0nQ4UWGLf2DsoI2bFDtthlBnALncZpUzOnsUw==",
      "peer": true,
      "engines": {
        "node": ">=8"
      },
      "funding": {
        "url": "https://github.com/sponsors/sindresorhus"
      }
    },
    "node_modules/tough-cookie": {
      "version": "4.1.3",
      "resolved": "https://registry.npmjs.org/tough-cookie/-/tough-cookie-4.1.3.tgz",
      "integrity": "sha512-aX/y5pVRkfRnfmuX+OdbSdXvPe6ieKX/G2s7e98f4poJHnqH3281gDPm/metm6E/WRamfx7WC4HUqkWHfQHprw==",
      "dependencies": {
        "psl": "^1.1.33",
        "punycode": "^2.1.1",
        "universalify": "^0.2.0",
        "url-parse": "^1.5.3"
      },
      "engines": {
        "node": ">=6"
      }
    },
    "node_modules/tsc-watch": {
      "version": "6.0.4",
      "resolved": "https://registry.npmjs.org/tsc-watch/-/tsc-watch-6.0.4.tgz",
      "integrity": "sha512-cHvbvhjO86w2aGlaHgSCeQRl+Aqw6X6XN4sQMPZKF88GoP30O+oTuh5lRIJr5pgFWrRpF1AgXnJJ2DoFEIPHyg==",
      "dev": true,
      "dependencies": {
        "cross-spawn": "^7.0.3",
        "node-cleanup": "^2.1.2",
        "ps-tree": "^1.2.0",
        "string-argv": "^0.3.1"
      },
      "bin": {
        "tsc-watch": "dist/lib/tsc-watch.js"
      },
      "engines": {
        "node": ">=12.12.0"
      },
      "peerDependencies": {
        "typescript": "*"
      }
    },
    "node_modules/tsconfig": {
      "version": "7.0.0",
      "resolved": "https://registry.npmjs.org/tsconfig/-/tsconfig-7.0.0.tgz",
      "integrity": "sha512-vZXmzPrL+EmC4T/4rVlT2jNVMWCi/O4DIiSj3UHg1OE5kCKbk4mfrXc6dZksLgRM/TZlKnousKH9bbTazUWRRw==",
      "dev": true,
      "dependencies": {
        "@types/strip-bom": "^3.0.0",
        "@types/strip-json-comments": "0.0.30",
        "strip-bom": "^3.0.0",
        "strip-json-comments": "^2.0.0"
      }
    },
    "node_modules/tseep": {
      "version": "1.2.1",
      "resolved": "https://registry.npmjs.org/tseep/-/tseep-1.2.1.tgz",
      "integrity": "sha512-VFnsNcPGC4qFJ1nxbIPSjTmtRZOhlqLmtwRqtLVos8mbRHki8HO9cy9Z1e89EiWyxFmq6LBviI9TQjijxw/mEw=="
    },
    "node_modules/tweetnacl": {
      "version": "1.0.3",
      "resolved": "https://registry.npmjs.org/tweetnacl/-/tweetnacl-1.0.3.tgz",
      "integrity": "sha512-6rt+RN7aOi1nGMyC4Xa5DdYiukl2UWCbcJft7YhxReBGQD7OAM8Pbxw6YMo4r2diNEA8FEmu32YOn9rhaiE5yw=="
    },
    "node_modules/typescript": {
      "version": "5.3.3",
      "resolved": "https://registry.npmjs.org/typescript/-/typescript-5.3.3.tgz",
      "integrity": "sha512-pXWcraxM0uxAS+tN0AG/BF2TyqmHO014Z070UsJ+pFvYuRSq8KH8DmWpnbXe0pEPDHXZV3FcAbJkijJ5oNEnWw==",
      "dev": true,
      "bin": {
        "tsc": "bin/tsc",
        "tsserver": "bin/tsserver"
      },
      "engines": {
        "node": ">=14.17"
      }
    },
    "node_modules/ufo": {
      "version": "1.4.0",
      "resolved": "https://registry.npmjs.org/ufo/-/ufo-1.4.0.tgz",
      "integrity": "sha512-Hhy+BhRBleFjpJ2vchUNN40qgkh0366FWJGqVLYBHev0vpHTrXSA0ryT+74UiW6KWsldNurQMKGqCm1M2zBciQ=="
    },
    "node_modules/universalify": {
      "version": "0.2.0",
      "resolved": "https://registry.npmjs.org/universalify/-/universalify-0.2.0.tgz",
      "integrity": "sha512-CJ1QgKmNg3CwvAv/kOFmtnEN05f0D/cn9QntgNOQlQF9dgvVTHj3t+8JPdjqawCHk7V/KA+fbUqzZ9XWhcqPUg==",
      "engines": {
        "node": ">= 4.0.0"
      }
    },
    "node_modules/url-parse": {
      "version": "1.5.10",
      "resolved": "https://registry.npmjs.org/url-parse/-/url-parse-1.5.10.tgz",
      "integrity": "sha512-WypcfiRhfeUP9vvF0j6rw0J3hrWrw6iZv3+22h6iRMJ/8z1Tj6XfLP4DsUix5MhMPnXpiHDoKyoZ/bdCkwBCiQ==",
      "dependencies": {
        "querystringify": "^2.1.1",
        "requires-port": "^1.0.0"
      }
    },
    "node_modules/uuid": {
      "version": "8.3.2",
      "resolved": "https://registry.npmjs.org/uuid/-/uuid-8.3.2.tgz",
      "integrity": "sha512-+NYs2QeMWy+GWFOEm9xnn6HCDp0l7QBD7ml8zLUmJ+93Q5NF0NocErnwkTkXVFNiX3/fpC6afS8Dhb/gz7R7eg==",
      "bin": {
        "uuid": "dist/bin/uuid"
      }
    },
    "node_modules/which": {
      "version": "2.0.2",
      "resolved": "https://registry.npmjs.org/which/-/which-2.0.2.tgz",
      "integrity": "sha512-BLI3Tl1TW3Pvl70l3yq3Y64i+awpwXqsGBYWkkqMtnbXgrMD+yj7rhW0kuEDxzJaYXGjEW5ogapKNMEKNMjibA==",
      "dev": true,
      "dependencies": {
        "isexe": "^2.0.0"
      },
      "bin": {
        "node-which": "bin/node-which"
      },
      "engines": {
        "node": ">= 8"
      }
    },
    "node_modules/ws": {
      "version": "7.5.9",
      "resolved": "https://registry.npmjs.org/ws/-/ws-7.5.9.tgz",
      "integrity": "sha512-F+P9Jil7UiSKSkppIiD94dN07AwvFixvLIj1Og1Rl9GGMuNipJnV9JzjD6XuqmAeiswGvUmNLjr5cFuXwNS77Q==",
      "engines": {
        "node": ">=8.3.0"
      },
      "peerDependencies": {
        "bufferutil": "^4.0.1",
        "utf-8-validate": "^5.0.2"
      },
      "peerDependenciesMeta": {
        "bufferutil": {
          "optional": true
        },
        "utf-8-validate": {
          "optional": true
        }
      }
    }
  },
  "dependencies": {
    "@deepkit/core": {
      "version": "1.0.1-alpha.124",
      "resolved": "https://registry.npmjs.org/@deepkit/core/-/core-1.0.1-alpha.124.tgz",
      "integrity": "sha512-xfda/V1XY0pDIhELB/TQonFvNSYtTMOG7bHXGxslkFuMJoVfEsdPW0OGwHzUX0qLlLckAQkcVca64Igyhp8LUQ==",
      "peer": true,
      "requires": {
        "dot-prop": "^5.1.1",
        "to-fast-properties": "^3.0.1"
      }
    },
    "@deepkit/type": {
      "version": "1.0.1-alpha.105",
      "resolved": "https://registry.npmjs.org/@deepkit/type/-/type-1.0.1-alpha.105.tgz",
      "integrity": "sha512-AoB4fB5M/wk9gkWH/dZcXiRBSQWgZhF1CKJMauZXISkFyeOBaU2mPz5cYvNnGTNvBSi5WY8xVRRKcQewW2JXlw==",
      "requires": {
        "@deepkit/type-spec": "^1.0.1-alpha.105",
        "@types/uuid": "^8.3.0",
        "buffer": "^5.2.1",
        "uuid": "^8.3.2"
      }
    },
    "@deepkit/type-spec": {
      "version": "1.0.1-alpha.116",
      "resolved": "https://registry.npmjs.org/@deepkit/type-spec/-/type-spec-1.0.1-alpha.116.tgz",
      "integrity": "sha512-8LDtbhLlZTKJGocdmpB/Td5nor5Pm90i4TuZbRIJEAofuEFAXM80tT7xZZLl9AFtGJaATZd7Lv0jViwspXKvxg=="
    },
    "@types/node": {
      "version": "17.0.45",
      "resolved": "https://registry.npmjs.org/@types/node/-/node-17.0.45.tgz",
      "integrity": "sha512-w+tIMs3rq2afQdsPJlODhoUEKzFP1ayaoyl1CcnwtIlsVe7K7bA1NGm4s3PraqTLlXnbIN84zuBlxBWo1u9BLw=="
    },
    "@types/strip-bom": {
      "version": "3.0.0",
      "resolved": "https://registry.npmjs.org/@types/strip-bom/-/strip-bom-3.0.0.tgz",
      "integrity": "sha512-xevGOReSYGM7g/kUBZzPqCrR/KYAo+F0yiPc85WFTJa0MSLtyFTVTU6cJu/aV4mid7IffDIWqo69THF2o4JiEQ==",
      "dev": true
    },
    "@types/strip-json-comments": {
      "version": "0.0.30",
      "resolved": "https://registry.npmjs.org/@types/strip-json-comments/-/strip-json-comments-0.0.30.tgz",
      "integrity": "sha512-7NQmHra/JILCd1QqpSzl8+mJRc8ZHz3uDm8YV1Ks9IhK0epEiTw8aIErbvH9PI+6XbqhyIQy3462nEsn7UVzjQ==",
      "dev": true
    },
    "@types/uuid": {
      "version": "8.3.4",
      "resolved": "https://registry.npmjs.org/@types/uuid/-/uuid-8.3.4.tgz",
      "integrity": "sha512-c/I8ZRb51j+pYGAu5CrFMRxqZ2ke4y2grEBO5AUjgSkSk+qT2Ea+OdWElz/OiMf5MNpn2b17kuVBwZLQJXzihw=="
    },
    "base64-js": {
      "version": "1.5.1",
      "resolved": "https://registry.npmjs.org/base64-js/-/base64-js-1.5.1.tgz",
      "integrity": "sha512-AKpaYlHn8t4SVbOHCy+b5+KKgvR4vrsD8vbvrbiQJps7fKDTkjkDry6ji0rUJjC0kzbNePLwzxq8iypo41qeWA=="
    },
    "buffer": {
      "version": "5.7.1",
      "resolved": "https://registry.npmjs.org/buffer/-/buffer-5.7.1.tgz",
      "integrity": "sha512-EHcyIPBQ4BSGlvjB16k5KgAJ27CIsHY/2JBmCRReo48y9rQ3MaUzWX3KVlBa4U7MyX02HdVj0K7C3WaB3ju7FQ==",
      "requires": {
        "base64-js": "^1.3.1",
        "ieee754": "^1.1.13"
      }
    },
    "cross-env": {
      "version": "7.0.3",
      "resolved": "https://registry.npmjs.org/cross-env/-/cross-env-7.0.3.tgz",
      "integrity": "sha512-+/HKd6EgcQCJGh2PSjZuUitQBQynKor4wrFbRg4DtAgS1aWO+gU52xpH7M9ScGgXSYmAVS9bIJ8EzuaGw0oNAw==",
      "dev": true,
      "requires": {
        "cross-spawn": "^7.0.1"
      }
    },
    "cross-spawn": {
      "version": "7.0.3",
      "resolved": "https://registry.npmjs.org/cross-spawn/-/cross-spawn-7.0.3.tgz",
      "integrity": "sha512-iRDPJKUPVEND7dHPO8rkbOnPpyDygcDFtWjpeWNCgy8WP2rXcxXL8TskReQl6OrB2G7+UJrags1q15Fudc7G6w==",
      "dev": true,
      "requires": {
        "path-key": "^3.1.0",
        "shebang-command": "^2.0.0",
        "which": "^2.0.1"
      }
    },
    "cycletls": {
      "version": "1.0.26",
      "resolved": "https://registry.npmjs.org/cycletls/-/cycletls-1.0.26.tgz",
      "integrity": "sha512-QE+vwRjq0nCNnmr3MaVWLHMvUXgD6Kv2cuo8EjDxBu9J+I185BMnsrO5tKrojY78+dtftK2ZzfhGHzG7MOSekQ==",
      "requires": {
        "@types/node": "^17.0.24",
        "ws": "^7.5.7"
      }
    },
    "destr": {
      "version": "2.0.3",
      "resolved": "https://registry.npmjs.org/destr/-/destr-2.0.3.tgz",
      "integrity": "sha512-2N3BOUU4gYMpTP24s5rF5iP7BDr7uNTCs4ozw3kf/eKfvWSIu93GEBi5m427YoyJoeOzQ5smuu4nNAPGb8idSQ=="
    },
    "dot-prop": {
      "version": "5.3.0",
      "resolved": "https://registry.npmjs.org/dot-prop/-/dot-prop-5.3.0.tgz",
      "integrity": "sha512-QM8q3zDe58hqUqjraQOmzZ1LIH9SWQJTlEKCH4kJ2oQvLZk7RbQXvtDM2XEq3fwkV9CCvvH4LA0AV+ogFsBM2Q==",
      "peer": true,
      "requires": {
        "is-obj": "^2.0.0"
      }
    },
    "duplexer": {
      "version": "0.1.2",
      "resolved": "https://registry.npmjs.org/duplexer/-/duplexer-0.1.2.tgz",
      "integrity": "sha512-jtD6YG370ZCIi/9GTaJKQxWTZD045+4R4hTk/x1UyoqadyJ9x9CgSi1RlVDQF8U2sxLLSnFkCaMihqljHIWgMg==",
      "dev": true
    },
    "event-stream": {
      "version": "3.3.4",
      "resolved": "https://registry.npmjs.org/event-stream/-/event-stream-3.3.4.tgz",
      "integrity": "sha512-QHpkERcGsR0T7Qm3HNJSyXKEEj8AHNxkY3PK8TS2KJvQ7NiSHe3DDpwVKKtoYprL/AreyzFBeIkBIWChAqn60g==",
      "dev": true,
      "requires": {
        "duplexer": "~0.1.1",
        "from": "~0",
        "map-stream": "~0.1.0",
        "pause-stream": "0.0.11",
        "split": "0.3",
        "stream-combiner": "~0.0.4",
        "through": "~2.3.1"
      }
    },
    "exit-hook": {
      "version": "4.0.0",
      "resolved": "https://registry.npmjs.org/exit-hook/-/exit-hook-4.0.0.tgz",
      "integrity": "sha512-Fqs7ChZm72y40wKjOFXBKg7nJZvQJmewP5/7LtePDdnah/+FH9Hp5sgMujSCMPXlxOAW2//1jrW9pnsY7o20vQ=="
    },
    "from": {
      "version": "0.1.7",
      "resolved": "https://registry.npmjs.org/from/-/from-0.1.7.tgz",
      "integrity": "sha512-twe20eF1OxVxp/ML/kq2p1uc6KvFK/+vs8WjEbeKmV2He22MKm7YF2ANIt+EOqhJ5L3K/SuuPhk0hWQDjOM23g==",
      "dev": true
    },
    "ieee754": {
      "version": "1.2.1",
      "resolved": "https://registry.npmjs.org/ieee754/-/ieee754-1.2.1.tgz",
      "integrity": "sha512-dcyqhDvX1C46lXZcVqCpK+FtMRQVdIMN6/Df5js2zouUsqG7I6sFxitIC+7KYK29KdXOLHdu9zL4sFnoVQnqaA=="
    },
    "is-obj": {
      "version": "2.0.0",
      "resolved": "https://registry.npmjs.org/is-obj/-/is-obj-2.0.0.tgz",
      "integrity": "sha512-drqDG3cbczxxEJRoOXcOjtdp1J/lyp1mNn0xaznRs8+muBhgQcrnbspox5X5fOw0HnMnbfDzvnEMEtqDEJEo8w==",
      "peer": true
    },
    "isexe": {
      "version": "2.0.0",
      "resolved": "https://registry.npmjs.org/isexe/-/isexe-2.0.0.tgz",
      "integrity": "sha512-RHxMLp9lnKHGHRng9QFhRCMbYAcVpn69smSGcq3f36xjgVVWThj4qqLbTLlq7Ssj8B+fIQ1EuCEGI2lKsyQeIw==",
      "dev": true
    },
    "kient": {
      "version": "1.0.1-12",
      "resolved": "https://registry.npmjs.org/kient/-/kient-1.0.1-12.tgz",
      "integrity": "sha512-qKSJT/bLkEUPKsUeJ4a/GbSEkV9Lu0AbwLv3xL06k7h44ZU5T9/Gvh793/5DVvhMj1dhmB5O2aZFySL7CYm8nw==",
      "requires": {
        "@deepkit/type": "1.0.1-alpha.105",
        "cycletls": "^1.0.22",
        "exit-hook": "^4.0.0",
        "ofetch": "^1.3.3",
        "pusher-js": "^8.3.0",
        "strict-event-emitter": "^0.5.1",
        "tough-cookie": "^4.1.3",
        "tseep": "^1.1.3"
      }
    },
    "map-stream": {
      "version": "0.1.0",
      "resolved": "https://registry.npmjs.org/map-stream/-/map-stream-0.1.0.tgz",
      "integrity": "sha512-CkYQrPYZfWnu/DAmVCpTSX/xHpKZ80eKh2lAkyA6AJTef6bW+6JpbQZN5rofum7da+SyN1bi5ctTm+lTfcCW3g==",
      "dev": true
    },
    "node-cleanup": {
      "version": "2.1.2",
      "resolved": "https://registry.npmjs.org/node-cleanup/-/node-cleanup-2.1.2.tgz",
      "integrity": "sha512-qN8v/s2PAJwGUtr1/hYTpNKlD6Y9rc4p8KSmJXyGdYGZsDGKXrGThikLFP9OCHFeLeEpQzPwiAtdIvBLqm//Hw==",
      "dev": true
    },
    "node-fetch-native": {
      "version": "1.6.2",
      "resolved": "https://registry.npmjs.org/node-fetch-native/-/node-fetch-native-1.6.2.tgz",
      "integrity": "sha512-69mtXOFZ6hSkYiXAVB5SqaRvrbITC/NPyqv7yuu/qw0nmgPyYbIMYYNIDhNtwPrzk0ptrimrLz/hhjvm4w5Z+w=="
    },
    "ofetch": {
      "version": "1.3.3",
      "resolved": "https://registry.npmjs.org/ofetch/-/ofetch-1.3.3.tgz",
      "integrity": "sha512-s1ZCMmQWXy4b5K/TW9i/DtiN8Ku+xCiHcjQ6/J/nDdssirrQNOoB165Zu8EqLMA2lln1JUth9a0aW9Ap2ctrUg==",
      "requires": {
        "destr": "^2.0.1",
        "node-fetch-native": "^1.4.0",
        "ufo": "^1.3.0"
      }
    },
    "path-key": {
      "version": "3.1.1",
      "resolved": "https://registry.npmjs.org/path-key/-/path-key-3.1.1.tgz",
      "integrity": "sha512-ojmeN0qd+y0jszEtoY48r0Peq5dwMEkIlCOu6Q5f41lfkswXuKtYrhgoTpLnyIcHm24Uhqx+5Tqm2InSwLhE6Q==",
      "dev": true
    },
    "pause-stream": {
      "version": "0.0.11",
      "resolved": "https://registry.npmjs.org/pause-stream/-/pause-stream-0.0.11.tgz",
      "integrity": "sha512-e3FBlXLmN/D1S+zHzanP4E/4Z60oFAa3O051qt1pxa7DEJWKAyil6upYVXCWadEnuoqa4Pkc9oUx9zsxYeRv8A==",
      "dev": true,
      "requires": {
        "through": "~2.3"
      }
    },
    "ps-tree": {
      "version": "1.2.0",
      "resolved": "https://registry.npmjs.org/ps-tree/-/ps-tree-1.2.0.tgz",
      "integrity": "sha512-0VnamPPYHl4uaU/nSFeZZpR21QAWRz+sRv4iW9+v/GS/J5U5iZB5BNN6J0RMoOvdx2gWM2+ZFMIm58q24e4UYA==",
      "dev": true,
      "requires": {
        "event-stream": "=3.3.4"
      }
    },
    "psl": {
      "version": "1.9.0",
      "resolved": "https://registry.npmjs.org/psl/-/psl-1.9.0.tgz",
      "integrity": "sha512-E/ZsdU4HLs/68gYzgGTkMicWTLPdAftJLfJFlLUAAKZGkStNU72sZjT66SnMDVOfOWY/YAoiD7Jxa9iHvngcag=="
    },
    "punycode": {
      "version": "2.3.1",
      "resolved": "https://registry.npmjs.org/punycode/-/punycode-2.3.1.tgz",
      "integrity": "sha512-vYt7UD1U9Wg6138shLtLOvdAu+8DsC/ilFtEVHcH+wydcSpNE20AfSOduf6MkRFahL5FY7X1oU7nKVZFtfq8Fg=="
    },
    "pusher-js": {
      "version": "8.3.0",
      "resolved": "https://registry.npmjs.org/pusher-js/-/pusher-js-8.3.0.tgz",
      "integrity": "sha512-6GohP06WlVeomAQQe9qWh1IDzd3+InluWt+ZUOcecVK1SEQkg6a8uYVsvxSJm7cbccfmHhE0jDkmhKIhue8vmA==",
      "requires": {
        "tweetnacl": "^1.0.3"
      }
    },
    "querystringify": {
      "version": "2.2.0",
      "resolved": "https://registry.npmjs.org/querystringify/-/querystringify-2.2.0.tgz",
      "integrity": "sha512-FIqgj2EUvTa7R50u0rGsyTftzjYmv/a3hO345bZNrqabNqjtgiDMgmo4mkUjd+nzU5oF3dClKqFIPUKybUyqoQ=="
    },
    "requires-port": {
      "version": "1.0.0",
      "resolved": "https://registry.npmjs.org/requires-port/-/requires-port-1.0.0.tgz",
      "integrity": "sha512-KigOCHcocU3XODJxsu8i/j8T9tzT4adHiecwORRQ0ZZFcp7ahwXuRU1m+yuO90C5ZUyGeGfocHDI14M3L3yDAQ=="
    },
    "shebang-command": {
      "version": "2.0.0",
      "resolved": "https://registry.npmjs.org/shebang-command/-/shebang-command-2.0.0.tgz",
      "integrity": "sha512-kHxr2zZpYtdmrN1qDjrrX/Z1rR1kG8Dx+gkpK1G4eXmvXswmcE1hTWBWYUzlraYw1/yZp6YuDY77YtvbN0dmDA==",
      "dev": true,
      "requires": {
        "shebang-regex": "^3.0.0"
      }
    },
    "shebang-regex": {
      "version": "3.0.0",
      "resolved": "https://registry.npmjs.org/shebang-regex/-/shebang-regex-3.0.0.tgz",
      "integrity": "sha512-7++dFhtcx3353uBaq8DDR4NuxBetBzC7ZQOhmTQInHEd6bSrXdiEyzCvG07Z44UYdLShWUyXt5M/yhz8ekcb1A==",
      "dev": true
    },
    "split": {
      "version": "0.3.3",
      "resolved": "https://registry.npmjs.org/split/-/split-0.3.3.tgz",
      "integrity": "sha512-wD2AeVmxXRBoX44wAycgjVpMhvbwdI2aZjCkvfNcH1YqHQvJVa1duWc73OyVGJUc05fhFaTZeQ/PYsrmyH0JVA==",
      "dev": true,
      "requires": {
        "through": "2"
      }
    },
    "stream-combiner": {
      "version": "0.0.4",
      "resolved": "https://registry.npmjs.org/stream-combiner/-/stream-combiner-0.0.4.tgz",
      "integrity": "sha512-rT00SPnTVyRsaSz5zgSPma/aHSOic5U1prhYdRy5HS2kTZviFpmDgzilbtsJsxiroqACmayynDN/9VzIbX5DOw==",
      "dev": true,
      "requires": {
        "duplexer": "~0.1.1"
      }
    },
    "strict-event-emitter": {
      "version": "0.5.1",
      "resolved": "https://registry.npmjs.org/strict-event-emitter/-/strict-event-emitter-0.5.1.tgz",
      "integrity": "sha512-vMgjE/GGEPEFnhFub6pa4FmJBRBVOLpIII2hvCZ8Kzb7K0hlHo7mQv6xYrBvCL2LtAIBwFUK8wvuJgTVSQ5MFQ=="
    },
    "string-argv": {
      "version": "0.3.2",
      "resolved": "https://registry.npmjs.org/string-argv/-/string-argv-0.3.2.tgz",
      "integrity": "sha512-aqD2Q0144Z+/RqG52NeHEkZauTAUWJO8c6yTftGJKO3Tja5tUgIfmIl6kExvhtxSDP7fXB6DvzkfMpCd/F3G+Q==",
      "dev": true
    },
    "strip-bom": {
      "version": "3.0.0",
      "resolved": "https://registry.npmjs.org/strip-bom/-/strip-bom-3.0.0.tgz",
      "integrity": "sha512-vavAMRXOgBVNF6nyEEmL3DBK19iRpDcoIwW+swQ+CbGiu7lju6t+JklA1MHweoWtadgt4ISVUsXLyDq34ddcwA==",
      "dev": true
    },
    "strip-json-comments": {
      "version": "2.0.1",
      "resolved": "https://registry.npmjs.org/strip-json-comments/-/strip-json-comments-2.0.1.tgz",
      "integrity": "sha512-4gB8na07fecVVkOI6Rs4e7T6NOTki5EmL7TUduTs6bu3EdnSycntVJ4re8kgZA+wx9IueI2Y11bfbgwtzuE0KQ==",
      "dev": true
    },
    "through": {
      "version": "2.3.8",
      "resolved": "https://registry.npmjs.org/through/-/through-2.3.8.tgz",
      "integrity": "sha512-w89qg7PI8wAdvX60bMDP+bFoD5Dvhm9oLheFp5O4a2QF0cSBGsBX4qZmadPMvVqlLJBBci+WqGGOAPvcDeNSVg==",
      "dev": true
    },
    "to-fast-properties": {
      "version": "3.0.1",
      "resolved": "https://registry.npmjs.org/to-fast-properties/-/to-fast-properties-3.0.1.tgz",
      "integrity": "sha512-/wtNi1tW1F3nf0OL6AqVxGw9Tr1ET70InMhJuVxPwFdGqparF0nQ4UWGLf2DsoI2bFDtthlBnALncZpUzOnsUw==",
      "peer": true
    },
    "tough-cookie": {
      "version": "4.1.3",
      "resolved": "https://registry.npmjs.org/tough-cookie/-/tough-cookie-4.1.3.tgz",
      "integrity": "sha512-aX/y5pVRkfRnfmuX+OdbSdXvPe6ieKX/G2s7e98f4poJHnqH3281gDPm/metm6E/WRamfx7WC4HUqkWHfQHprw==",
      "requires": {
        "psl": "^1.1.33",
        "punycode": "^2.1.1",
        "universalify": "^0.2.0",
        "url-parse": "^1.5.3"
      }
    },
    "tsc-watch": {
      "version": "6.0.4",
      "resolved": "https://registry.npmjs.org/tsc-watch/-/tsc-watch-6.0.4.tgz",
      "integrity": "sha512-cHvbvhjO86w2aGlaHgSCeQRl+Aqw6X6XN4sQMPZKF88GoP30O+oTuh5lRIJr5pgFWrRpF1AgXnJJ2DoFEIPHyg==",
      "dev": true,
      "requires": {
        "cross-spawn": "^7.0.3",
        "node-cleanup": "^2.1.2",
        "ps-tree": "^1.2.0",
        "string-argv": "^0.3.1"
      }
    },
    "tsconfig": {
      "version": "7.0.0",
      "resolved": "https://registry.npmjs.org/tsconfig/-/tsconfig-7.0.0.tgz",
      "integrity": "sha512-vZXmzPrL+EmC4T/4rVlT2jNVMWCi/O4DIiSj3UHg1OE5kCKbk4mfrXc6dZksLgRM/TZlKnousKH9bbTazUWRRw==",
      "dev": true,
      "requires": {
        "@types/strip-bom": "^3.0.0",
        "@types/strip-json-comments": "0.0.30",
        "strip-bom": "^3.0.0",
        "strip-json-comments": "^2.0.0"
      }
    },
    "tseep": {
      "version": "1.2.1",
      "resolved": "https://registry.npmjs.org/tseep/-/tseep-1.2.1.tgz",
      "integrity": "sha512-VFnsNcPGC4qFJ1nxbIPSjTmtRZOhlqLmtwRqtLVos8mbRHki8HO9cy9Z1e89EiWyxFmq6LBviI9TQjijxw/mEw=="
    },
    "tweetnacl": {
      "version": "1.0.3",
      "resolved": "https://registry.npmjs.org/tweetnacl/-/tweetnacl-1.0.3.tgz",
      "integrity": "sha512-6rt+RN7aOi1nGMyC4Xa5DdYiukl2UWCbcJft7YhxReBGQD7OAM8Pbxw6YMo4r2diNEA8FEmu32YOn9rhaiE5yw=="
    },
    "typescript": {
      "version": "5.3.3",
      "resolved": "https://registry.npmjs.org/typescript/-/typescript-5.3.3.tgz",
      "integrity": "sha512-pXWcraxM0uxAS+tN0AG/BF2TyqmHO014Z070UsJ+pFvYuRSq8KH8DmWpnbXe0pEPDHXZV3FcAbJkijJ5oNEnWw==",
      "dev": true
    },
    "ufo": {
      "version": "1.4.0",
      "resolved": "https://registry.npmjs.org/ufo/-/ufo-1.4.0.tgz",
      "integrity": "sha512-Hhy+BhRBleFjpJ2vchUNN40qgkh0366FWJGqVLYBHev0vpHTrXSA0ryT+74UiW6KWsldNurQMKGqCm1M2zBciQ=="
    },
    "universalify": {
      "version": "0.2.0",
      "resolved": "https://registry.npmjs.org/universalify/-/universalify-0.2.0.tgz",
      "integrity": "sha512-CJ1QgKmNg3CwvAv/kOFmtnEN05f0D/cn9QntgNOQlQF9dgvVTHj3t+8JPdjqawCHk7V/KA+fbUqzZ9XWhcqPUg=="
    },
    "url-parse": {
      "version": "1.5.10",
      "resolved": "https://registry.npmjs.org/url-parse/-/url-parse-1.5.10.tgz",
      "integrity": "sha512-WypcfiRhfeUP9vvF0j6rw0J3hrWrw6iZv3+22h6iRMJ/8z1Tj6XfLP4DsUix5MhMPnXpiHDoKyoZ/bdCkwBCiQ==",
      "requires": {
        "querystringify": "^2.1.1",
        "requires-port": "^1.0.0"
      }
    },
    "uuid": {
      "version": "8.3.2",
      "resolved": "https://registry.npmjs.org/uuid/-/uuid-8.3.2.tgz",
      "integrity": "sha512-+NYs2QeMWy+GWFOEm9xnn6HCDp0l7QBD7ml8zLUmJ+93Q5NF0NocErnwkTkXVFNiX3/fpC6afS8Dhb/gz7R7eg=="
    },
    "which": {
      "version": "2.0.2",
      "resolved": "https://registry.npmjs.org/which/-/which-2.0.2.tgz",
      "integrity": "sha512-BLI3Tl1TW3Pvl70l3yq3Y64i+awpwXqsGBYWkkqMtnbXgrMD+yj7rhW0kuEDxzJaYXGjEW5ogapKNMEKNMjibA==",
      "dev": true,
      "requires": {
        "isexe": "^2.0.0"
      }
    },
    "ws": {
      "version": "7.5.9",
      "resolved": "https://registry.npmjs.org/ws/-/ws-7.5.9.tgz",
      "integrity": "sha512-F+P9Jil7UiSKSkppIiD94dN07AwvFixvLIj1Og1Rl9GGMuNipJnV9JzjD6XuqmAeiswGvUmNLjr5cFuXwNS77Q==",
      "requires": {}
    }
  }
}
